
Microsoft Visual Studio Solution File, Format Version 12.00
# Visual Studio 15
Project("{FAE04EC0-301F-11D3-BF4B-00C04F79EFBC}") = "UnityEngine.UI", "UnityEngine.UI.csproj", "{65C1AF98-2B35-F5AB-3752-A771559775A9}"
EndProject
Project("{FAE04EC0-301F-11D3-BF4B-00C04F79EFBC}") = "Assembly-CSharp", "Assembly-CSharp.csproj", "{0E7B85FB-9FBD-7802-21E4-46690B7D6208}"
EndProject
Project("{FAE04EC0-301F-11D3-BF4B-00C04F79EFBC}") = "UnityEditor.UI", "UnityEditor.UI.csproj", "{F8066823-4B42-58DD-08C8-A821598EF18B}"
EndProject
Global
	GlobalSection(SolutionConfigurationPlatforms) = preSolution
		Debug|Any CPU = Debug|Any CPU
		Release|Any CPU = Release|Any CPU
	EndGlobalSection
	GlobalSection(ProjectConfigurationPlatforms) = postSolution
		{65C1AF98-2B35-F5AB-3752-A771559775A9}.Debug|Any CPU.ActiveCfg = Debug|Any CPU
		{65C1AF98-2B35-F5AB-3752-A771559775A9}.Debug|Any CPU.Build.0 = Debug|Any CPU
		{65C1AF98-2B35-F5AB-3752-A771559775A9}.Release|Any CPU.ActiveCfg = Release|Any CPU
		{65C1AF98-2B35-F5AB-3752-A771559775A9}.Release|Any CPU.Build.0 = Release|Any CPU
		{0E7B85FB-9FBD-7802-21E4-46690B7D6208}.Debug|Any CPU.ActiveCfg = Debug|Any CPU
		{0E7B85FB-9FBD-7802-21E4-46690B7D6208}.Debug|Any CPU.Build.0 = Debug|Any CPU
		{0E7B85FB-9FBD-7802-21E4-46690B7D6208}.Release|Any CPU.ActiveCfg = Release|Any CPU
		{0E7B85FB-9FBD-7802-21E4-46690B7D6208}.Release|Any CPU.Build.0 = Release|Any CPU
		{F8066823-4B42-58DD-08C8-A821598EF18B}.Debug|Any CPU.ActiveCfg = Debug|Any CPU
		{F8066823-4B42-58DD-08C8-A821598EF18B}.Debug|Any CPU.Build.0 = Debug|Any CPU
		{F8066823-4B42-58DD-08C8-A821598EF18B}.Release|Any CPU.ActiveCfg = Release|Any CPU
		{F8066823-4B42-58DD-08C8-A821598EF18B}.Release|Any CPU.Build.0 = Release|Any CPU
	EndGlobalSection
	GlobalSection(SolutionProperties) = preSolution
		HideSolutionNode = FALSE
	EndGlobalSection
EndGlobal
